
Microsoft Visual Studio Solution File, Format Version 12.00
# Visual Studio Version 17
VisualStudioVersion = 17.6.33723.286
MinimumVisualStudioVersion = 10.0.40219.1
Project("{FAE04EC0-301F-11D3-BF4B-00C04F79EFBC}") = "SoccerStats", "SoccerStats.csproj", "{992BCD5A-64AA-41B8-A921-973EAA63AF7F}"
EndProject
Global
	GlobalSection(SolutionConfigurationPlatforms) = preSolution
		Debug|Any CPU = Debug|Any CPU
		Release|Any CPU = Release|Any CPU
	EndGlobalSection
	GlobalSection(ProjectConfigurationPlatforms) = postSolution
		{992BCD5A-64AA-41B8-A921-973EAA63AF7F}.Debug|Any CPU.ActiveCfg = Debug|Any CPU
		{992BCD5A-64AA-41B8-A921-973EAA63AF7F}.Debug|Any CPU.Build.0 = Debug|Any CPU
		{992BCD5A-64AA-41B8-A921-973EAA63AF7F}.Release|Any CPU.ActiveCfg = Release|Any CPU
		{992BCD5A-64AA-41B8-A921-973EAA63AF7F}.Release|Any CPU.Build.0 = Release|Any CPU
	EndGlobalSection
	GlobalSection(SolutionProperties) = preSolution
		HideSolutionNode = FALSE
	EndGlobalSection
	GlobalSection(ExtensibilityGlobals) = postSolution
		SolutionGuid = {37158448-2E67-4383-A72B-B23B7D6F4E7E}
	EndGlobalSection
EndGlobal
